{
  "projects": [
    {
      "projectId": "9NVZmDxJtXxgR5ANvtTtmN",
      "version": "latest",
      "dependencies": {},
      "lang": "ts",
      "fileLocks": [
        {
          "type": "globalVariant",
          "assetId": "GDzOWy2jl30H",
          "checksum": "6abe46b9b9f8977f3506800cedcb9739"
        },
        {
          "type": "renderModule",
          "assetId": "Eft-vaUBLVgW",
          "checksum": "2432a20da8e642e5f1c5531019a9e344"
        },
        {
          "type": "cssRules",
          "assetId": "Eft-vaUBLVgW",
          "checksum": "2432a20da8e642e5f1c5531019a9e344"
        },
        {
          "assetId": "9NVZmDxJtXxgR5ANvtTtmN",
          "type": "projectCss",
          "checksum": "f79bc9c071529e2b6ecb1269e9d33fe0"
        }
      ],
      "codegenVersion": "0.0.1"
    }
  ],
  "cliVersion": "0.1.337"
}
